
Microsoft Visual Studio Solution File, Format Version 12.00
# Visual Studio Version 16
VisualStudioVersion = 16.0.32802.440
MinimumVisualStudioVersion = 10.0.40219.1
Project("{9A19103F-16F7-4668-BE54-9A1E7A4F7556}") = "ChristiansBookStore", "ChristiansBookStore.csproj", "{D858B8D3-B9EF-475C-BAE1-E8F9106E49FC}"
EndProject
Project("{FAE04EC0-301F-11D3-BF4B-00C04F79EFBC}") = "ChristiansBooks.DataAccess", "..\ChristiansBooks.DataAccess\ChristiansBooks.DataAccess.csproj", "{AEDAB186-2E96-4B9B-A7E8-4ABE455196AB}"
EndProject
Project("{FAE04EC0-301F-11D3-BF4B-00C04F79EFBC}") = "ChristiansBooks.Models", "..\ChristiansBooks.Models\ChristiansBooks.Models.csproj", "{2C510590-32E0-4705-BF29-BC5A52D9A301}"
EndProject
Project("{FAE04EC0-301F-11D3-BF4B-00C04F79EFBC}") = "ChristiansBooks.Utility", "..\ChristiansBooks.Utility\ChristiansBooks.Utility.csproj", "{87B19C8D-0DE2-4851-BAFA-668ADF8EF0EC}"
EndProject
Global
	GlobalSection(SolutionConfigurationPlatforms) = preSolution
		Debug|Any CPU = Debug|Any CPU
		Release|Any CPU = Release|Any CPU
	EndGlobalSection
	GlobalSection(ProjectConfigurationPlatforms) = postSolution
		{D858B8D3-B9EF-475C-BAE1-E8F9106E49FC}.Debug|Any CPU.ActiveCfg = Debug|Any CPU
		{D858B8D3-B9EF-475C-BAE1-E8F9106E49FC}.Debug|Any CPU.Build.0 = Debug|Any CPU
		{D858B8D3-B9EF-475C-BAE1-E8F9106E49FC}.Release|Any CPU.ActiveCfg = Release|Any CPU
		{D858B8D3-B9EF-475C-BAE1-E8F9106E49FC}.Release|Any CPU.Build.0 = Release|Any CPU
		{AEDAB186-2E96-4B9B-A7E8-4ABE455196AB}.Debug|Any CPU.ActiveCfg = Debug|Any CPU
		{AEDAB186-2E96-4B9B-A7E8-4ABE455196AB}.Debug|Any CPU.Build.0 = Debug|Any CPU
		{AEDAB186-2E96-4B9B-A7E8-4ABE455196AB}.Release|Any CPU.ActiveCfg = Release|Any CPU
		{AEDAB186-2E96-4B9B-A7E8-4ABE455196AB}.Release|Any CPU.Build.0 = Release|Any CPU
		{2C510590-32E0-4705-BF29-BC5A52D9A301}.Debug|Any CPU.ActiveCfg = Debug|Any CPU
		{2C510590-32E0-4705-BF29-BC5A52D9A301}.Debug|Any CPU.Build.0 = Debug|Any CPU
		{2C510590-32E0-4705-BF29-BC5A52D9A301}.Release|Any CPU.ActiveCfg = Release|Any CPU
		{2C510590-32E0-4705-BF29-BC5A52D9A301}.Release|Any CPU.Build.0 = Release|Any CPU
		{87B19C8D-0DE2-4851-BAFA-668ADF8EF0EC}.Debug|Any CPU.ActiveCfg = Debug|Any CPU
		{87B19C8D-0DE2-4851-BAFA-668ADF8EF0EC}.Debug|Any CPU.Build.0 = Debug|Any CPU
		{87B19C8D-0DE2-4851-BAFA-668ADF8EF0EC}.Release|Any CPU.ActiveCfg = Release|Any CPU
		{87B19C8D-0DE2-4851-BAFA-668ADF8EF0EC}.Release|Any CPU.Build.0 = Release|Any CPU
	EndGlobalSection
	GlobalSection(SolutionProperties) = preSolution
		HideSolutionNode = FALSE
	EndGlobalSection
	GlobalSection(ExtensibilityGlobals) = postSolution
		SolutionGuid = {958813FF-C717-456D-A5B1-47371CB1527D}
	EndGlobalSection
EndGlobal
